// !$*UTF8*$!
{
	archiveVersion = 1;
	classes = {
	};
	objectVersion = 77;
	objects = {

/* Begin PBXContainerItemProxy section */
		D5FE13ED2DAC7F8400B6284D /* PBXContainerItemProxy */ = {
			isa = PBXContainerItemProxy;
			containerPortal = D5FE13D42DAC7F8200B6284D /* Project object */;
			proxyType = 1;
			remoteGlobalIDString = D5FE13DB2DAC7F8200B6284D;
			remoteInfo = "API POETRY HACKWICH";
		};
		D5FE13F72DAC7F8400B6284D /* PBXContainerItemProxy */ = {
			isa = PBXContainerItemProxy;
			containerPortal = D5FE13D42DAC7F8200B6284D /* Project object */;
			proxyType = 1;
			remoteGlobalIDString = D5FE13DB2DAC7F8200B6284D;
			remoteInfo = "API POETRY HACKWICH";
		};
/* End PBXContainerItemProxy section */

/* Begin PBXFileReference section */
		D5FE13DC2DAC7F8200B6284D /* API POETRY HACKWICH.app */ = {isa = PBXFileReference; explicitFileType = wrapper.application; includeInIndex = 0; path = "API POETRY HACKWICH.app"; sourceTree = BUILT_PRODUCTS_DIR; };
		D5FE13EC2DAC7F8400B6284D /* API POETRY HACKWICHTests.xctest */ = {isa = PBXFileReference; explicitFileType = wrapper.cfbundle; includeInIndex = 0; path = "API POETRY HACKWICHTests.xctest"; sourceTree = BUILT_PRODUCTS_DIR; };
		D5FE13F62DAC7F8400B6284D /* API POETRY HACKWICHUITests.xctest */ = {isa = PBXFileReference; explicitFileType = wrapper.cfbundle; includeInIndex = 0; path = "API POETRY HACKWICHUITests.xctest"; sourceTree = BUILT_PRODUCTS_DIR; };
/* End PBXFileReference section */

/* Begin PBXFileSystemSynchronizedRootGroup section */
		D5FE13DE2DAC7F8200B6284D /* API POETRY HACKWICH */ = {
			isa = PBXFileSystemSynchronizedRootGroup;
			path = "API POETRY HACKWICH";
			sourceTree = "<group>";
		};
		D5FE13EF2DAC7F8400B6284D /* API POETRY HACKWICHTests */ = {
			isa = PBXFileSystemSynchronizedRootGroup;
			path = "API POETRY HACKWICHTests";
			sourceTree = "<group>";
		};
		D5FE13F92DAC7F8400B6284D /* API POETRY HACKWICHUITests */ = {
			isa = PBXFileSystemSynchronizedRootGroup;
			path = "API POETRY HACKWICHUITests";
			sourceTree = "<group>";
		};
/* End PBXFileSystemSynchronizedRootGroup section */

/* Begin PBXFrameworksBuildPhase section */
		D5FE13D92DAC7F8200B6284D /* Frameworks */ = {
			isa = PBXFrameworksBuildPhase;
			buildActionMask = 2147483647;
			files = (
			);
			runOnlyForDeploymentPostprocessing = 0;
		};
		D5FE13E92DAC7F8400B6284D /* Frameworks */ = {
			isa = PBXFrameworksBuildPhase;
			buildActionMask = 2147483647;
			files = (
			);
			runOnlyForDeploymentPostprocessing = 0;
		};
		D5FE13F32DAC7F8400B6284D /* Frameworks */ = {
			isa = PBXFrameworksBuildPhase;
			buildActionMask = 2147483647;
			files = (
			);
			runOnlyForDeploymentPostprocessing = 0;
		};
/* End PBXFrameworksBuildPhase section */

/* Begin PBXGroup section */
		D5FE13D32DAC7F8200B6284D = {
			isa = PBXGroup;
			children = (
				D5FE13DE2DAC7F8200B6284D /* API POETRY HACKWICH */,
				D5FE13EF2DAC7F8400B6284D /* API POETRY HACKWICHTests */,
				D5FE13F92DAC7F8400B6284D /* API POETRY HACKWICHUITests */,
				D5FE13DD2DAC7F8200B6284D /* Products */,
			);
			sourceTree = "<group>";
		};
		D5FE13DD2DAC7F8200B6284D /* Products */ = {
			isa = PBXGroup;
			children = (
				D5FE13DC2DAC7F8200B6284D /* API POETRY HACKWICH.app */,
				D5FE13EC2DAC7F8400B6284D /* API POETRY HACKWICHTests.xctest */,
				D5FE13F62DAC7F8400B6284D /* API POETRY HACKWICHUITests.xctest */,
			);
			name = Products;
			sourceTree = "<group>";
		};
/* End PBXGroup section */

/* Begin PBXNativeTarget section */
		D5FE13DB2DAC7F8200B6284D /* API POETRY HACKWICH */ = {
			isa = PBXNativeTarget;
			buildConfigurationList = D5FE14002DAC7F8400B6284D /* Build configuration list for PBXNativeTarget "API POETRY HACKWICH" */;
			buildPhases = (
				D5FE13D82DAC7F8200B6284D /* Sources */,
				D5FE13D92DAC7F8200B6284D /* Frameworks */,
				D5FE13DA2DAC7F8200B6284D /* Resources */,
			);
			buildRules = (
			);
			dependencies = (
			);
			fileSystemSynchronizedGroups = (
				D5FE13DE2DAC7F8200B6284D /* API POETRY HACKWICH */,
			);
			name = "API POETRY HACKWICH";
			packageProductDependencies = (
			);
			productName = "API POETRY HACKWICH";
			productReference = D5FE13DC2DAC7F8200B6284D /* API POETRY HACKWICH.app */;
			productType = "com.apple.product-type.application";
		};
		D5FE13EB2DAC7F8400B6284D /* API POETRY HACKWICHTests */ = {
			isa = PBXNativeTarget;
			buildConfigurationList = D5FE14032DAC7F8400B6284D /* Build configuration list for PBXNativeTarget "API POETRY HACKWICHTests" */;
			buildPhases = (
				D5FE13E82DAC7F8400B6284D /* Sources */,
				D5FE13E92DAC7F8400B6284D /* Frameworks */,
				D5FE13EA2DAC7F8400B6284D /* Resources */,
			);
			buildRules = (
			);
			dependencies = (
				D5FE13EE2DAC7F8400B6284D /* PBXTargetDependency */,
			);
			fileSystemSynchronizedGroups = (
				D5FE13EF2DAC7F8400B6284D /* API POETRY HACKWICHTests */,
			);
			name = "API POETRY HACKWICHTests";
			packageProductDependencies = (
			);
			productName = "API POETRY HACKWICHTests";
			productReference = D5FE13EC2DAC7F8400B6284D /* API POETRY HACKWICHTests.xctest */;
			productType = "com.apple.product-type.bundle.unit-test";
		};
		D5FE13F52DAC7F8400B6284D /* API POETRY HACKWICHUITests */ = {
			isa = PBXNativeTarget;
			buildConfigurationList = D5FE14062DAC7F8400B6284D /* Build configuration list for PBXNativeTarget "API POETRY HACKWICHUITests" */;
			buildPhases = (
				D5FE13F22DAC7F8400B6284D /* Sources */,
				D5FE13F32DAC7F8400B6284D /* Frameworks */,
				D5FE13F42DAC7F8400B6284D /* Resources */,
			);
			buildRules = (
			);
			dependencies = (
				D5FE13F82DAC7F8400B6284D /* PBXTargetDependency */,
			);
			fileSystemSynchronizedGroups = (
				D5FE13F92DAC7F8400B6284D /* API POETRY HACKWICHUITests */,
			);
			name = "API POETRY HACKWICHUITests";
			packageProductDependencies = (
			);
			productName = "API POETRY HACKWICHUITests";
			productReference = D5FE13F62DAC7F8400B6284D /* API POETRY HACKWICHUITests.xctest */;
			productType = "com.apple.product-type.bundle.ui-testing";
		};
/* End PBXNativeTarget section */

/* Begin PBXProject section */
		D5FE13D42DAC7F8200B6284D /* Project object */ = {
			isa = PBXProject;
			attributes = {
				BuildIndependentTargetsInParallel = 1;
				LastSwiftUpdateCheck = 1620;
				LastUpgradeCheck = 1620;
				TargetAttributes = {
					D5FE13DB2DAC7F8200B6284D = {
						CreatedOnToolsVersion = 16.2;
					};
					D5FE13EB2DAC7F8400B6284D = {
						CreatedOnToolsVersion = 16.2;
						TestTargetID = D5FE13DB2DAC7F8200B6284D;
					};
					D5FE13F52DAC7F8400B6284D = {
						CreatedOnToolsVersion = 16.2;
						TestTargetID = D5FE13DB2DAC7F8200B6284D;
					};
				};
			};
			buildConfigurationList = D5FE13D72DAC7F8200B6284D /* Build configuration list for PBXProject "API POETRY HACKWICH" */;
			developmentRegion = en;
			hasScannedForEncodings = 0;
			knownRegions = (
				en,
				Base,
			);
			mainGroup = D5FE13D32DAC7F8200B6284D;
			minimizedProjectReferenceProxies = 1;
			preferredProjectObjectVersion = 77;
			productRefGroup = D5FE13DD2DAC7F8200B6284D /* Products */;
			projectDirPath = "";
			projectRoot = "";
			targets = (
				D5FE13DB2DAC7F8200B6284D /* API POETRY HACKWICH */,
				D5FE13EB2DAC7F8400B6284D /* API POETRY HACKWICHTests */,
				D5FE13F52DAC7F8400B6284D /* API POETRY HACKWICHUITests */,
			);
		};
/* End PBXProject section */

/* Begin PBXResourcesBuildPhase section */
		D5FE13DA2DAC7F8200B6284D /* Resources */ = {
			isa = PBXResourcesBuildPhase;
			buildActionMask = 2147483647;
			files = (
			);
			runOnlyForDeploymentPostprocessing = 0;
		};
		D5FE13EA2DAC7F8400B6284D /* Resources */ = {
			isa = PBXResourcesBuildPhase;
			buildActionMask = 2147483647;
			files = (
			);
			runOnlyForDeploymentPostprocessing = 0;
		};
		D5FE13F42DAC7F8400B6284D /* Resources */ = {
			isa = PBXResourcesBuildPhase;
			buildActionMask = 2147483647;
			files = (
			);
			runOnlyForDeploymentPostprocessing = 0;
		};
/* End PBXResourcesBuildPhase section */

/* Begin PBXSourcesBuildPhase section */
		D5FE13D82DAC7F8200B6284D /* Sources */ = {
			isa = PBXSourcesBuildPhase;
			buildActionMask = 2147483647;
			files = (
			);
			runOnlyForDeploymentPostprocessing = 0;
		};
		D5FE13E82DAC7F8400B6284D /* Sources */ = {
			isa = PBXSourcesBuildPhase;
			buildActionMask = 2147483647;
			files = (
			);
			runOnlyForDeploymentPostprocessing = 0;
		};
		D5FE13F22DAC7F8400B6284D /* Sources */ = {
			isa = PBXSourcesBuildPhase;
			buildActionMask = 2147483647;
			files = (
			);
			runOnlyForDeploymentPostprocessing = 0;
		};
/* End PBXSourcesBuildPhase section */

/* Begin PBXTargetDependency section */
		D5FE13EE2DAC7F8400B6284D /* PBXTargetDependency */ = {
			isa = PBXTargetDependency;
			target = D5FE13DB2DAC7F8200B6284D /* API POETRY HACKWICH */;
			targetProxy = D5FE13ED2DAC7F8400B6284D /* PBXContainerItemProxy */;
		};
		D5FE13F82DAC7F8400B6284D /* PBXTargetDependency */ = {
			isa = PBXTargetDependency;
			target = D5FE13DB2DAC7F8200B6284D /* API POETRY HACKWICH */;
			targetProxy = D5FE13F72DAC7F8400B6284D /* PBXContainerItemProxy */;
		};
/* End PBXTargetDependency section */

/* Begin XCBuildConfiguration section */
		D5FE13FE2DAC7F8400B6284D /* Debug */ = {
			isa = XCBuildConfiguration;
			buildSettings = {
				ALWAYS_SEARCH_USER_PATHS = NO;
				ASSETCATALOG_COMPILER_GENERATE_SWIFT_ASSET_SYMBOL_EXTENSIONS = YES;
				CLANG_ANALYZER_NONNULL = YES;
				CLANG_ANALYZER_NUMBER_OBJECT_CONVERSION = YES_AGGRESSIVE;
				CLANG_CXX_LANGUAGE_STANDARD = "gnu++20";
				CLANG_ENABLE_MODULES = YES;
				CLANG_ENABLE_OBJC_ARC = YES;
				CLANG_ENABLE_OBJC_WEAK = YES;
				CLANG_WARN_BLOCK_CAPTURE_AUTORELEASING = YES;
				CLANG_WARN_BOOL_CONVERSION = YES;
				CLANG_WARN_COMMA = YES;
				CLANG_WARN_CONSTANT_CONVERSION = YES;
				CLANG_WARN_DEPRECATED_OBJC_IMPLEMENTATIONS = YES;
				CLANG_WARN_DIRECT_OBJC_ISA_USAGE = YES_ERROR;
				CLANG_WARN_DOCUMENTATION_COMMENTS = YES;
				CLANG_WARN_EMPTY_BODY = YES;
				CLANG_WARN_ENUM_CONVERSION = YES;
				CLANG_WARN_INFINITE_RECURSION = YES;
				CLANG_WARN_INT_CONVERSION = YES;
				CLANG_WARN_NON_LITERAL_NULL_CONVERSION = YES;
				CLANG_WARN_OBJC_IMPLICIT_RETAIN_SELF = YES;
				CLANG_WARN_OBJC_LITERAL_CONVERSION = YES;
				CLANG_WARN_OBJC_ROOT_CLASS = YES_ERROR;
				CLANG_WARN_QUOTED_INCLUDE_IN_FRAMEWORK_HEADER = YES;
				CLANG_WARN_RANGE_LOOP_ANALYSIS = YES;
				CLANG_WARN_STRICT_PROTOTYPES = YES;
				CLANG_WARN_SUSPICIOUS_MOVE = YES;
				CLANG_WARN_UNGUARDED_AVAILABILITY = YES_AGGRESSIVE;
				CLANG_WARN_UNREACHABLE_CODE = YES;
				CLANG_WARN__DUPLICATE_METHOD_MATCH = YES;
				COPY_PHASE_STRIP = NO;
				DEBUG_INFORMATION_FORMAT = dwarf;
				ENABLE_STRICT_OBJC_MSGSEND = YES;
				ENABLE_TESTABILITY = YES;
				ENABLE_USER_SCRIPT_SANDBOXING = YES;
				GCC_C_LANGUAGE_STANDARD = gnu17;
				GCC_DYNAMIC_NO_PIC = NO;
				GCC_NO_COMMON_BLOCKS = YES;
				GCC_OPTIMIZATION_LEVEL = 0;
				GCC_PREPROCESSOR_DEFINITIONS = (
					"DEBUG=1",
					"$(inherited)",
				);
				GCC_WARN_64_TO_32_BIT_CONVERSION = YES;
				GCC_WARN_ABOUT_RETURN_TYPE = YES_ERROR;
				GCC_WARN_UNDECLARED_SELECTOR = YES;
				GCC_WARN_UNINITIALIZED_AUTOS = YES_AGGRESSIVE;
				GCC_WARN_UNUSED_FUNCTION = YES;
				GCC_WARN_UNUSED_VARIABLE = YES;
				IPHONEOS_DEPLOYMENT_TARGET = 18.2;
				LOCALIZATION_PREFERS_STRING_CATALOGS = YES;
				MTL_ENABLE_DEBUG_INFO = INCLUDE_SOURCE;
				MTL_FAST_MATH = YES;
				ONLY_ACTIVE_ARCH = YES;
				SDKROOT = iphoneos;
				SWIFT_ACTIVE_COMPILATION_CONDITIONS = "DEBUG $(inherited)";
				SWIFT_OPTIMIZATION_LEVEL = "-Onone";
			};
			name = Debug;
		};
		D5FE13FF2DAC7F8400B6284D /* Release */ = {
			isa = XCBuildConfiguration;
			buildSettings = {
				ALWAYS_SEARCH_USER_PATHS = NO;
				ASSETCATALOG_COMPILER_GENERATE_SWIFT_ASSET_SYMBOL_EXTENSIONS = YES;
				CLANG_ANALYZER_NONNULL = YES;
				CLANG_ANALYZER_NUMBER_OBJECT_CONVERSION = YES_AGGRESSIVE;
				CLANG_CXX_LANGUAGE_STANDARD = "gnu++20";
				CLANG_ENABLE_MODULES = YES;
				CLANG_ENABLE_OBJC_ARC = YES;
				CLANG_ENABLE_OBJC_WEAK = YES;
				CLANG_WARN_BLOCK_CAPTURE_AUTORELEASING = YES;
				CLANG_WARN_BOOL_CONVERSION = YES;
				CLANG_WARN_COMMA = YES;
				CLANG_WARN_CONSTANT_CONVERSION = YES;
				CLANG_WARN_DEPRECATED_OBJC_IMPLEMENTATIONS = YES;
				CLANG_WARN_DIRECT_OBJC_ISA_USAGE = YES_ERROR;
				CLANG_WARN_DOCUMENTATION_COMMENTS = YES;
				CLANG_WARN_EMPTY_BODY = YES;
				CLANG_WARN_ENUM_CONVERSION = YES;
				CLANG_WARN_INFINITE_RECURSION = YES;
				CLANG_WARN_INT_CONVERSION = YES;
				CLANG_WARN_NON_LITERAL_NULL_CONVERSION = YES;
				CLANG_WARN_OBJC_IMPLICIT_RETAIN_SELF = YES;
				CLANG_WARN_OBJC_LITERAL_CONVERSION = YES;
				CLANG_WARN_OBJC_ROOT_CLASS = YES_ERROR;
				CLANG_WARN_QUOTED_INCLUDE_IN_FRAMEWORK_HEADER = YES;
				CLANG_WARN_RANGE_LOOP_ANALYSIS = YES;
				CLANG_WARN_STRICT_PROTOTYPES = YES;
				CLANG_WARN_SUSPICIOUS_MOVE = YES;
				CLANG_WARN_UNGUARDED_AVAILABILITY = YES_AGGRESSIVE;
				CLANG_WARN_UNREACHABLE_CODE = YES;
				CLANG_WARN__DUPLICATE_METHOD_MATCH = YES;
				COPY_PHASE_STRIP = NO;
				DEBUG_INFORMATION_FORMAT = "dwarf-with-dsym";
				ENABLE_NS_ASSERTIONS = NO;
				ENABLE_STRICT_OBJC_MSGSEND = YES;
				ENABLE_USER_SCRIPT_SANDBOXING = YES;
				GCC_C_LANGUAGE_STANDARD = gnu17;
				GCC_NO_COMMON_BLOCKS = YES;
				GCC_WARN_64_TO_32_BIT_CONVERSION = YES;
				GCC_WARN_ABOUT_RETURN_TYPE = YES_ERROR;
				GCC_WARN_UNDECLARED_SELECTOR = YES;
				GCC_WARN_UNINITIALIZED_AUTOS = YES_AGGRESSIVE;
				GCC_WARN_UNUSED_FUNCTION = YES;
				GCC_WARN_UNUSED_VARIABLE = YES;
				IPHONEOS_DEPLOYMENT_TARGET = 18.2;
				LOCALIZATION_PREFERS_STRING_CATALOGS = YES;
				MTL_ENABLE_DEBUG_INFO = NO;
				MTL_FAST_MATH = YES;
				SDKROOT = iphoneos;
				SWIFT_COMPILATION_MODE = wholemodule;
				VALIDATE_PRODUCT = YES;
			};
			name = Release;
		};
		D5FE14012DAC7F8400B6284D /* Debug */ = {
			isa = XCBuildConfiguration;
			buildSettings = {
				ASSETCATALOG_COMPILER_APPICON_NAME = AppIcon;
				ASSETCATALOG_COMPILER_GLOBAL_ACCENT_COLOR_NAME = AccentColor;
				CODE_SIGN_STYLE = Automatic;
				CURRENT_PROJECT_VERSION = 1;
				DEVELOPMENT_ASSET_PATHS = "\"API POETRY HACKWICH/Preview Content\"";
				ENABLE_PREVIEWS = YES;
				GENERATE_INFOPLIST_FILE = YES;
				INFOPLIST_KEY_UIApplicationSceneManifest_Generation = YES;
				INFOPLIST_KEY_UIApplicationSupportsIndirectInputEvents = YES;
				INFOPLIST_KEY_UILaunchScreen_Generation = YES;
				INFOPLIST_KEY_UISupportedInterfaceOrientations_iPad = "UIInterfaceOrientationPortrait UIInterfaceOrientationPortraitUpsideDown UIInterfaceOrientationLandscapeLeft UIInterfaceOrientationLandscapeRight";
				INFOPLIST_KEY_UISupportedInterfaceOrientations_iPhone = "UIInterfaceOrientationPortrait UIInterfaceOrientationLandscapeLeft UIInterfaceOrientationLandscapeRight";
				LD_RUNPATH_SEARCH_PATHS = (
					"$(inherited)",
					"@executable_path/Frameworks",
				);
				MARKETING_VERSION = 1.0;
				PRODUCT_BUNDLE_IDENTIFIER = "Sam.API-POETRY-HACKWICH";
				PRODUCT_NAME = "$(TARGET_NAME)";
				SWIFT_EMIT_LOC_STRINGS = YES;
				SWIFT_VERSION = 5.0;
				TARGETED_DEVICE_FAMILY = "1,2";
			};
			name = Debug;
		};
		D5FE14022DAC7F8400B6284D /* Release */ = {
			isa = XCBuildConfiguration;
			buildSettings = {
				ASSETCATALOG_COMPILER_APPICON_NAME = AppIcon;
				ASSETCATALOG_COMPILER_GLOBAL_ACCENT_COLOR_NAME = AccentColor;
				CODE_SIGN_STYLE = Automatic;
				CURRENT_PROJECT_VERSION = 1;
				DEVELOPMENT_ASSET_PATHS = "\"API POETRY HACKWICH/Preview Content\"";
				ENABLE_PREVIEWS = YES;
				GENERATE_INFOPLIST_FILE = YES;
				INFOPLIST_KEY_UIApplicationSceneManifest_Generation = YES;
				INFOPLIST_KEY_UIApplicationSupportsIndirectInputEvents = YES;
				INFOPLIST_KEY_UILaunchScreen_Generation = YES;
				INFOPLIST_KEY_UISupportedInterfaceOrientations_iPad = "UIInterfaceOrientationPortrait UIInterfaceOrientationPortraitUpsideDown UIInterfaceOrientationLandscapeLeft UIInterfaceOrientationLandscapeRight";
				INFOPLIST_KEY_UISupportedInterfaceOrientations_iPhone = "UIInterfaceOrientationPortrait UIInterfaceOrientationLandscapeLeft UIInterfaceOrientationLandscapeRight";
				LD_RUNPATH_SEARCH_PATHS = (
					"$(inherited)",
					"@executable_path/Frameworks",
				);
				MARKETING_VERSION = 1.0;
				PRODUCT_BUNDLE_IDENTIFIER = "Sam.API-POETRY-HACKWICH";
				PRODUCT_NAME = "$(TARGET_NAME)";
				SWIFT_EMIT_LOC_STRINGS = YES;
				SWIFT_VERSION = 5.0;
				TARGETED_DEVICE_FAMILY = "1,2";
			};
			name = Release;
		};
		D5FE14042DAC7F8400B6284D /* Debug */ = {
			isa = XCBuildConfiguration;
			buildSettings = {
				BUNDLE_LOADER = "$(TEST_HOST)";
				CODE_SIGN_STYLE = Automatic;
				CURRENT_PROJECT_VERSION = 1;
				GENERATE_INFOPLIST_FILE = YES;
				IPHONEOS_DEPLOYMENT_TARGET = 18.2;
				MARKETING_VERSION = 1.0;
				PRODUCT_BUNDLE_IDENTIFIER = "Sam.API-POETRY-HACKWICHTests";
				PRODUCT_NAME = "$(TARGET_NAME)";
				SWIFT_EMIT_LOC_STRINGS = NO;
				SWIFT_VERSION = 5.0;
				TARGETED_DEVICE_FAMILY = "1,2";
				TEST_HOST = "$(BUILT_PRODUCTS_DIR)/API POETRY HACKWICH.app/$(BUNDLE_EXECUTABLE_FOLDER_PATH)/API POETRY HACKWICH";
			};
			name = Debug;
		};
		D5FE14052DAC7F8400B6284D /* Release */ = {
			isa = XCBuildConfiguration;
			buildSettings = {
				BUNDLE_LOADER = "$(TEST_HOST)";
				CODE_SIGN_STYLE = Automatic;
				CURRENT_PROJECT_VERSION = 1;
				GENERATE_INFOPLIST_FILE = YES;
				IPHONEOS_DEPLOYMENT_TARGET = 18.2;
				MARKETING_VERSION = 1.0;
				PRODUCT_BUNDLE_IDENTIFIER = "Sam.API-POETRY-HACKWICHTests";
				PRODUCT_NAME = "$(TARGET_NAME)";
				SWIFT_EMIT_LOC_STRINGS = NO;
				SWIFT_VERSION = 5.0;
				TARGETED_DEVICE_FAMILY = "1,2";
				TEST_HOST = "$(BUILT_PRODUCTS_DIR)/API POETRY HACKWICH.app/$(BUNDLE_EXECUTABLE_FOLDER_PATH)/API POETRY HACKWICH";
			};
			name = Release;
		};
		D5FE14072DAC7F8400B6284D /* Debug */ = {
			isa = XCBuildConfiguration;
			buildSettings = {
				CODE_SIGN_STYLE = Automatic;
				CURRENT_PROJECT_VERSION = 1;
				GENERATE_INFOPLIST_FILE = YES;
				MARKETING_VERSION = 1.0;
				PRODUCT_BUNDLE_IDENTIFIER = "Sam.API-POETRY-HACKWICHUITests";
				PRODUCT_NAME = "$(TARGET_NAME)";
				SWIFT_EMIT_LOC_STRINGS = NO;
				SWIFT_VERSION = 5.0;
				TARGETED_DEVICE_FAMILY = "1,2";
				TEST_TARGET_NAME = "API POETRY HACKWICH";
			};
			name = Debug;
		};
		D5FE14082DAC7F8400B6284D /* Release */ = {
			isa = XCBuildConfiguration;
			buildSettings = {
				CODE_SIGN_STYLE = Automatic;
				CURRENT_PROJECT_VERSION = 1;
				GENERATE_INFOPLIST_FILE = YES;
				MARKETING_VERSION = 1.0;
				PRODUCT_BUNDLE_IDENTIFIER = "Sam.API-POETRY-HACKWICHUITests";
				PRODUCT_NAME = "$(TARGET_NAME)";
				SWIFT_EMIT_LOC_STRINGS = NO;
				SWIFT_VERSION = 5.0;
				TARGETED_DEVICE_FAMILY = "1,2";
				TEST_TARGET_NAME = "API POETRY HACKWICH";
			};
			name = Release;
		};
/* End XCBuildConfiguration section */

/* Begin XCConfigurationList section */
		D5FE13D72DAC7F8200B6284D /* Build configuration list for PBXProject "API POETRY HACKWICH" */ = {
			isa = XCConfigurationList;
			buildConfigurations = (
				D5FE13FE2DAC7F8400B6284D /* Debug */,
				D5FE13FF2DAC7F8400B6284D /* Release */,
			);
			defaultConfigurationIsVisible = 0;
			defaultConfigurationName = Release;
		};
		D5FE14002DAC7F8400B6284D /* Build configuration list for PBXNativeTarget "API POETRY HACKWICH" */ = {
			isa = XCConfigurationList;
			buildConfigurations = (
				D5FE14012DAC7F8400B6284D /* Debug */,
				D5FE14022DAC7F8400B6284D /* Release */,
			);
			defaultConfigurationIsVisible = 0;
			defaultConfigurationName = Release;
		};
		D5FE14032DAC7F8400B6284D /* Build configuration list for PBXNativeTarget "API POETRY HACKWICHTests" */ = {
			isa = XCConfigurationList;
			buildConfigurations = (
				D5FE14042DAC7F8400B6284D /* Debug */,
				D5FE14052DAC7F8400B6284D /* Release */,
			);
			defaultConfigurationIsVisible = 0;
			defaultConfigurationName = Release;
		};
		D5FE14062DAC7F8400B6284D /* Build configuration list for PBXNativeTarget "API POETRY HACKWICHUITests" */ = {
			isa = XCConfigurationList;
			buildConfigurations = (
				D5FE14072DAC7F8400B6284D /* Debug */,
				D5FE14082DAC7F8400B6284D /* Release */,
			);
			defaultConfigurationIsVisible = 0;
			defaultConfigurationName = Release;
		};
/* End XCConfigurationList section */
	};
	rootObject = D5FE13D42DAC7F8200B6284D /* Project object */;
}
